<?xml version="1.0" encoding="utf-8"?>
<Project ToolsVersion="4.0" xmlns="http://schemas.microsoft.com/developer/msbuild/2003">
  <ItemGroup>
    <Filter Include="Source Files">
      <UniqueIdentifier>{4FC737F1-C7A5-4376-A066-2A32D752A2FF}</UniqueIdentifier>
      <Extensions>cpp;c;cc;cxx;c++;cppm;ixx;def;odl;idl;hpj;bat;asm;asmx</Extensions>
    </Filter>
    <Filter Include="Header Files">
      <UniqueIdentifier>{93995380-89BD-4b04-88EB-625FBE52EBFB}</UniqueIdentifier>
      <Extensions>h;hh;hpp;hxx;h++;hm;inl;inc;ipp;xsd</Extensions>
    </Filter>
    <Filter Include="Shaders">
      <UniqueIdentifier>{67DA6AB6-F800-4c08-8B7A-83BB121AAD01}</UniqueIdentifier>
      <Extensions>rc;ico;cur;bmp;dlg;rc2;rct;bin;rgs;gif;jpg;jpeg;jpe;resx;tiff;tif;png;wav;mfcribbon-ms</Extensions>
    </Filter>
  </ItemGroup>
  <ItemGroup>
    <ClCompile Include="actor.cpp">
      <Filter>Source Files</Filter>
    </ClCompile>
    <ClCompile Include="component.cpp">
      <Filter>Source Files</Filter>
    </ClCompile>
    <ClCompile Include="game.cpp">
      <Filter>Source Files</Filter>
    </ClCompile>
    <ClCompile Include="main.cpp">
      <Filter>Source Files</Filter>
    </ClCompile>
    <ClCompile Include="mesh.cpp">
      <Filter>Source Files</Filter>
    </ClCompile>
    <ClCompile Include="player.cpp">
      <Filter>Source Files</Filter>
    </ClCompile>
    <ClCompile Include="random.cpp">
      <Filter>Source Files</Filter>
    </ClCompile>
    <ClCompile Include="renderer.cpp">
      <Filter>Source Files</Filter>
    </ClCompile>
    <ClCompile Include="shader.cpp">
      <Filter>Source Files</Filter>
    </ClCompile>
    <ClCompile Include="texture.cpp">
      <Filter>Source Files</Filter>
    </ClCompile>
    <ClCompile Include="utils.cpp">
      <Filter>Source Files</Filter>
    </ClCompile>
    <ClCompile Include="vertexarray.cpp">
      <Filter>Source Files</Filter>
    </ClCompile>
    <ClCompile Include="plane.cpp">
      <Filter>Source Files</Filter>
    </ClCompile>
    <ClCompile Include="vehicle.cpp">
      <Filter>Source Files</Filter>
    </ClCompile>
    <ClCompile Include="circle_component.cpp">
      <Filter>Source Files</Filter>
    </ClCompile>
    <ClCompile Include="box_component.cpp">
      <Filter>Source Files</Filter>
    </ClCompile>
    <ClCompile Include="aabb.cpp">
      <Filter>Source Files</Filter>
    </ClCompile>
    <ClCompile Include="sound_engine.cpp">
      <Filter>Source Files</Filter>
    </ClCompile>
    <ClCompile Include="tree.cpp">
      <Filter>Source Files</Filter>
    </ClCompile>
    <ClCompile Include="gfw.cpp">
      <Filter>Source Files</Filter>
    </ClCompile>
    <ClCompile Include="loading_actor.cpp">
      <Filter>Source Files</Filter>
    </ClCompile>
    <ClCompile Include="loading_scene.cpp">
      <Filter>Source Files</Filter>
    </ClCompile>
    <ClCompile Include="main_scene.cpp">
      <Filter>Source Files</Filter>
    </ClCompile>
    <ClCompile Include="scene.cpp">
      <Filter>Source Files</Filter>
    </ClCompile>
    <ClCompile Include="scene_actor.cpp">
      <Filter>Source Files</Filter>
    </ClCompile>
    <ClCompile Include="start_actor.cpp">
      <Filter>Source Files</Filter>
    </ClCompile>
    <ClCompile Include="start_scene.cpp">
      <Filter>Source Files</Filter>
    </ClCompile>
    <ClCompile Include="dead_scene.cpp">
      <Filter>Source Files</Filter>
    </ClCompile>
    <ClCompile Include="dead_actor.cpp">
      <Filter>Source Files</Filter>
    </ClCompile>
    <ClCompile Include="life_gauge.cpp">
      <Filter>Source Files</Filter>
    </ClCompile>
    <ClCompile Include="particle.cpp">
      <Filter>Source Files</Filter>
    </ClCompile>
    <ClCompile Include="skill.cpp">
      <Filter>Source Files</Filter>
    </ClCompile>
    <ClCompile Include="win_scene.cpp">
      <Filter>Source Files</Filter>
    </ClCompile>
  </ItemGroup>
  <ItemGroup>
    <ClInclude Include="actor.h">
      <Filter>Header Files</Filter>
    </ClInclude>
    <ClInclude Include="component.h">
      <Filter>Header Files</Filter>
    </ClInclude>
    <ClInclude Include="game.h">
      <Filter>Header Files</Filter>
    </ClInclude>
    <ClInclude Include="mesh.h">
      <Filter>Header Files</Filter>
    </ClInclude>
    <ClInclude Include="player.h">
      <Filter>Header Files</Filter>
    </ClInclude>
    <ClInclude Include="random.h">
      <Filter>Header Files</Filter>
    </ClInclude>
    <ClInclude Include="renderer.h">
      <Filter>Header Files</Filter>
    </ClInclude>
    <ClInclude Include="shader.h">
      <Filter>Header Files</Filter>
    </ClInclude>
    <ClInclude Include="texture.h">
      <Filter>Header Files</Filter>
    </ClInclude>
    <ClInclude Include="utils.h">
      <Filter>Header Files</Filter>
    </ClInclude>
    <ClInclude Include="vertexarray.h">
      <Filter>Header Files</Filter>
    </ClInclude>
    <ClInclude Include="plane.h">
      <Filter>Header Files</Filter>
    </ClInclude>
    <ClInclude Include="vehicle.h">
      <Filter>Header Files</Filter>
    </ClInclude>
    <ClInclude Include="circle_component.h">
      <Filter>Header Files</Filter>
    </ClInclude>
    <ClInclude Include="box_component.h">
      <Filter>Header Files</Filter>
    </ClInclude>
    <ClInclude Include="aabb.h">
      <Filter>Header Files</Filter>
    </ClInclude>
    <ClInclude Include="sound_engine.h">
      <Filter>Header Files</Filter>
    </ClInclude>
    <ClInclude Include="tree.h">
      <Filter>Header Files</Filter>
    </ClInclude>
    <ClInclude Include="gfw.h">
      <Filter>Header Files</Filter>
    </ClInclude>
    <ClInclude Include="loading_actor.h">
      <Filter>Header Files</Filter>
    </ClInclude>
    <ClInclude Include="loading_scene.h">
      <Filter>Header Files</Filter>
    </ClInclude>
    <ClInclude Include="main_scene.h">
      <Filter>Header Files</Filter>
    </ClInclude>
    <ClInclude Include="scene.h">
      <Filter>Header Files</Filter>
    </ClInclude>
    <ClInclude Include="scene_actor.h">
      <Filter>Header Files</Filter>
    </ClInclude>
    <ClInclude Include="start_actor.h">
      <Filter>Header Files</Filter>
    </ClInclude>
    <ClInclude Include="start_scene.h">
      <Filter>Header Files</Filter>
    </ClInclude>
    <ClInclude Include="dead_scene.h">
      <Filter>Header Files</Filter>
    </ClInclude>
    <ClInclude Include="dead_actor.h">
      <Filter>Header Files</Filter>
    </ClInclude>
    <ClInclude Include="life_gauge.h">
      <Filter>Header Files</Filter>
    </ClInclude>
    <ClInclude Include="particle.h">
      <Filter>Header Files</Filter>
    </ClInclude>
    <ClInclude Include="skill.h">
      <Filter>Header Files</Filter>
    </ClInclude>
    <ClInclude Include="win_scene.h">
      <Filter>Header Files</Filter>
    </ClInclude>
  </ItemGroup>
  <ItemGroup>
    <None Include="Shaders\basicMesh.frag">
      <Filter>Shaders</Filter>
    </None>
    <None Include="Shaders\basicMesh.vert">
      <Filter>Shaders</Filter>
    </None>
    <None Include="Shaders\sprite.frag">
      <Filter>Shaders</Filter>
    </None>
    <None Include="Shaders\sprite.vert">
      <Filter>Shaders</Filter>
    </None>
    <None Include="Shaders\phong.frag">
      <Filter>Shaders</Filter>
    </None>
    <None Include="Shaders\phong.vert">
      <Filter>Shaders</Filter>
    </None>
  </ItemGroup>
</Project>